
Microsoft Visual Studio Solution File, Format Version 12.00
# Visual Studio Version 17
VisualStudioVersion = 17.3.32929.385
MinimumVisualStudioVersion = 10.0.40219.1
Project("{9A19103F-16F7-4668-BE54-9A1E7A4F7556}") = "ProjektZaliczeniowy", "ProjektZaliczeniowy\ProjektZaliczeniowy.csproj", "{D9FDD797-C54A-4ADA-B9F6-DD037C6D8080}"
EndProject
Project("{9A19103F-16F7-4668-BE54-9A1E7A4F7556}") = "AzureDeviceSdkDemo.Device", "AzureDeviceSdkDemo.Device\AzureDeviceSdkDemo.Device.csproj", "{5F9F18F6-E649-4CC2-BA60-95FA8FA2D057}"
EndProject
Global
	GlobalSection(SolutionConfigurationPlatforms) = preSolution
		Debug|Any CPU = Debug|Any CPU
		Release|Any CPU = Release|Any CPU
	EndGlobalSection
	GlobalSection(ProjectConfigurationPlatforms) = postSolution
		{D9FDD797-C54A-4ADA-B9F6-DD037C6D8080}.Debug|Any CPU.ActiveCfg = Debug|Any CPU
		{D9FDD797-C54A-4ADA-B9F6-DD037C6D8080}.Debug|Any CPU.Build.0 = Debug|Any CPU
		{D9FDD797-C54A-4ADA-B9F6-DD037C6D8080}.Release|Any CPU.ActiveCfg = Release|Any CPU
		{D9FDD797-C54A-4ADA-B9F6-DD037C6D8080}.Release|Any CPU.Build.0 = Release|Any CPU
		{5F9F18F6-E649-4CC2-BA60-95FA8FA2D057}.Debug|Any CPU.ActiveCfg = Debug|Any CPU
		{5F9F18F6-E649-4CC2-BA60-95FA8FA2D057}.Debug|Any CPU.Build.0 = Debug|Any CPU
		{5F9F18F6-E649-4CC2-BA60-95FA8FA2D057}.Release|Any CPU.ActiveCfg = Release|Any CPU
		{5F9F18F6-E649-4CC2-BA60-95FA8FA2D057}.Release|Any CPU.Build.0 = Release|Any CPU
	EndGlobalSection
	GlobalSection(SolutionProperties) = preSolution
		HideSolutionNode = FALSE
	EndGlobalSection
	GlobalSection(ExtensibilityGlobals) = postSolution
		SolutionGuid = {31D5F615-2908-4203-8AC3-03EEE49A5CFE}
	EndGlobalSection
EndGlobal
