
Microsoft Visual Studio Solution File, Format Version 12.00
# Visual Studio Version 17
VisualStudioVersion = 17.3.32929.385
MinimumVisualStudioVersion = 10.0.40219.1
Project("{FAE04EC0-301F-11D3-BF4B-00C04F79EFBC}") = "D2CErrorMessages", "D2CErrorMessages\D2CErrorMessages.csproj", "{DF63994D-4288-4424-BF8B-E6D361D2B58C}"
EndProject
Global
	GlobalSection(SolutionConfigurationPlatforms) = preSolution
		Debug|Any CPU = Debug|Any CPU
		Release|Any CPU = Release|Any CPU
	EndGlobalSection
	GlobalSection(ProjectConfigurationPlatforms) = postSolution
		{DF63994D-4288-4424-BF8B-E6D361D2B58C}.Debug|Any CPU.ActiveCfg = Debug|Any CPU
		{DF63994D-4288-4424-BF8B-E6D361D2B58C}.Debug|Any CPU.Build.0 = Debug|Any CPU
		{DF63994D-4288-4424-BF8B-E6D361D2B58C}.Release|Any CPU.ActiveCfg = Release|Any CPU
		{DF63994D-4288-4424-BF8B-E6D361D2B58C}.Release|Any CPU.Build.0 = Release|Any CPU
	EndGlobalSection
	GlobalSection(SolutionProperties) = preSolution
		HideSolutionNode = FALSE
	EndGlobalSection
	GlobalSection(ExtensibilityGlobals) = postSolution
		SolutionGuid = {C445C797-15C0-4CB7-924C-553B3F8D84A2}
	EndGlobalSection
EndGlobal
